
Microsoft Visual Studio Solution File, Format Version 12.00
# Visual Studio Version 17
VisualStudioVersion = 17.5.002.0
MinimumVisualStudioVersion = 10.0.40219.1
Project("{9A19103F-16F7-4668-BE54-9A1E7A4F7556}") = "ClientIdToAMQ", "ClientIdToAMQ.csproj", "{399FA065-D347-4FFD-AFCE-5A65AC10AEBA}"
EndProject
Global
	GlobalSection(SolutionConfigurationPlatforms) = preSolution
		Debug|Any CPU = Debug|Any CPU
		Release|Any CPU = Release|Any CPU
	EndGlobalSection
	GlobalSection(ProjectConfigurationPlatforms) = postSolution
		{399FA065-D347-4FFD-AFCE-5A65AC10AEBA}.Debug|Any CPU.ActiveCfg = Debug|Any CPU
		{399FA065-D347-4FFD-AFCE-5A65AC10AEBA}.Debug|Any CPU.Build.0 = Debug|Any CPU
		{399FA065-D347-4FFD-AFCE-5A65AC10AEBA}.Release|Any CPU.ActiveCfg = Release|Any CPU
		{399FA065-D347-4FFD-AFCE-5A65AC10AEBA}.Release|Any CPU.Build.0 = Release|Any CPU
	EndGlobalSection
	GlobalSection(SolutionProperties) = preSolution
		HideSolutionNode = FALSE
	EndGlobalSection
	GlobalSection(ExtensibilityGlobals) = postSolution
		SolutionGuid = {F501145C-79E8-4B19-9175-D0654877F106}
	EndGlobalSection
EndGlobal
